# THIS IS AN AUTOGENERATED FILE. DO NOT EDIT THIS FILE DIRECTLY.
# yarn lockfile v1


"@types/d3-scale@^2.1.1":
  "integrity" "sha512-wkQXT+IfgfAnKB5rtS1qMJg3FS32r1rVFHvqtiqk8pX8o5aQR3VwX1P7ErHjzNIicTlkWsaMiUTrYB+E75HFeA=="
  "resolved" "https://registry.npmjs.org/@types/d3-scale/-/d3-scale-2.2.4.tgz"
  "version" "2.2.4"
  dependencies:
    "@types/d3-time" "^1"

"@types/d3-time@^1":
  "integrity" "sha512-ULX7LoqXTCYtM+tLYOaeAJK7IwCT+4Gxlm2MaH0ErKLi07R5lh8NHCAyWcDkCCmx1AfRcBEV6H9QE9R25uP7jw=="
  "resolved" "https://registry.npmjs.org/@types/d3-time/-/d3-time-1.1.1.tgz"
  "version" "1.1.1"

"@types/lodash-es@^4.17.3":
  "integrity" "sha512-BBz79DCJbD2CVYZH67MBeHZRX++HF+5p8Mo5MzjZi64Wac39S3diedJYHZtScbRVf4DjZyN6LzA0SB0zy+HSSQ=="
  "resolved" "https://registry.npmjs.org/@types/lodash-es/-/lodash-es-4.17.4.tgz"
  "version" "4.17.4"
  dependencies:
    "@types/lodash" "*"

"@types/lodash@*":
  "integrity" "sha512-w7tQPjARrvdeBkX/Rwg95S592JwxqOjmms3zWQ0XZgSyxSLdzWaYH3vErBhdVS/lRBX7F8aBYcYJYTr5TMGOzw=="
  "resolved" "https://registry.npmjs.org/@types/lodash/-/lodash-4.14.167.tgz"
  "version" "4.14.167"

"d3-array@^1.2.0":
  "integrity" "sha512-KHW6M86R+FUPYGb3R5XiYjXPq7VzwxZ22buHhAEVG5ztoEcZZMLov530mmccaqA1GghZArjQV46fuc8kUqhhHw=="
  "resolved" "https://registry.npmjs.org/d3-array/-/d3-array-1.2.4.tgz"
  "version" "1.2.4"

"d3-collection@1":
  "integrity" "sha512-ii0/r5f4sjKNTfh84Di+DpztYwqKhEyUlKoPrzUFfeSkWxjW49xU2QzO9qrPrNkpdI0XJkfzvmTu8V2Zylln6A=="
  "resolved" "https://registry.npmjs.org/d3-collection/-/d3-collection-1.0.7.tgz"
  "version" "1.0.7"

"d3-color@1":
  "integrity" "sha512-p2sTHSLCJI2QKunbGb7ocOh7DgTAn8IrLx21QRc/BSnodXM4sv6aLQlnfpvehFMLZEfBc6g9pH9SWQccFYfJ9Q=="
  "resolved" "https://registry.npmjs.org/d3-color/-/d3-color-1.4.1.tgz"
  "version" "1.4.1"

"d3-format@1":
  "integrity" "sha512-J0piedu6Z8iB6TbIGfZgDzfXxUFN3qQRMofy2oPdXzQibYGqPB/9iMcxr/TGalU+2RsyDO+U4f33id8tbnSRMQ=="
  "resolved" "https://registry.npmjs.org/d3-format/-/d3-format-1.4.5.tgz"
  "version" "1.4.5"

"d3-interpolate@1":
  "integrity" "sha512-V9znK0zc3jOPV4VD2zZn0sDhZU3WAE2bmlxdIwwQPPzPjvyLkd8B3JUVdS1IDUFDkWZ72c9qnv1GK2ZagTZ8EA=="
  "resolved" "https://registry.npmjs.org/d3-interpolate/-/d3-interpolate-1.4.0.tgz"
  "version" "1.4.0"
  dependencies:
    "d3-color" "1"

"d3-scale@^2.2.2":
  "integrity" "sha512-LbeEvGgIb8UMcAa0EATLNX0lelKWGYDQiPdHj+gLblGVhGLyNbaCn3EvrJf0A3Y/uOOU5aD6MTh5ZFCdEwGiCw=="
  "resolved" "https://registry.npmjs.org/d3-scale/-/d3-scale-2.2.2.tgz"
  "version" "2.2.2"
  dependencies:
    "d3-array" "^1.2.0"
    "d3-collection" "1"
    "d3-format" "1"
    "d3-interpolate" "1"
    "d3-time" "1"
    "d3-time-format" "2"

"d3-time-format@2":
  "integrity" "sha512-guv6b2H37s2Uq/GefleCDtbe0XZAuy7Wa49VGkPVPMfLL9qObgBST3lEHJBMUp8S7NdLQAGIvr2KXk8Hc98iKQ=="
  "resolved" "https://registry.npmjs.org/d3-time-format/-/d3-time-format-2.3.0.tgz"
  "version" "2.3.0"
  dependencies:
    "d3-time" "1"

"d3-time@1":
  "integrity" "sha512-Xh0isrZ5rPYYdqhAVk8VLnMEidhz5aP7htAADH6MfzgmmicPkTo8LhkLxci61/lCB7n7UmE3bN0leRt+qvkLxA=="
  "resolved" "https://registry.npmjs.org/d3-time/-/d3-time-1.1.0.tgz"
  "version" "1.1.0"

"lodash-es@^4.17.11":
  "integrity" "sha512-JD1COMZsq8maT6mnuz1UMV0jvYD0E0aUsSOdrr1/nAG3dhqQXwRRgeW0cSqH1U43INKcqxaiVIQNOUDld7gRDA=="
  "resolved" "https://registry.npmjs.org/lodash-es/-/lodash-es-4.17.20.tgz"
  "version" "4.17.20"

"typescript@^3.3.3333":
  "integrity" "sha512-BLbiRkiBzAwsjut4x/dsibSTB6yWpwT5qWmC2OfuCg3GgVQCSgMs4vEctYPhsaGtd0AeuuHMkjZ2h2WG8MSzRw=="
  "resolved" "https://registry.npmjs.org/typescript/-/typescript-3.9.7.tgz"
  "version" "3.9.7"
